
Microsoft Visual Studio Solution File, Format Version 12.00
# Visual Studio Version 16
VisualStudioVersion = 16.0.32106.194
MinimumVisualStudioVersion = 10.0.40219.1
Project("{FAE04EC0-301F-11D3-BF4B-00C04F79EFBC}") = "clientLourd", "clientLourd\clientLourd.csproj", "{15878B64-D532-4C4C-8084-B38BD2971619}"
EndProject
Global
	GlobalSection(SolutionConfigurationPlatforms) = preSolution
		Debug|Any CPU = Debug|Any CPU
		Release|Any CPU = Release|Any CPU
	EndGlobalSection
	GlobalSection(ProjectConfigurationPlatforms) = postSolution
		{15878B64-D532-4C4C-8084-B38BD2971619}.Debug|Any CPU.ActiveCfg = Debug|Any CPU
		{15878B64-D532-4C4C-8084-B38BD2971619}.Debug|Any CPU.Build.0 = Debug|Any CPU
		{15878B64-D532-4C4C-8084-B38BD2971619}.Release|Any CPU.ActiveCfg = Release|Any CPU
		{15878B64-D532-4C4C-8084-B38BD2971619}.Release|Any CPU.Build.0 = Release|Any CPU
	EndGlobalSection
	GlobalSection(SolutionProperties) = preSolution
		HideSolutionNode = FALSE
	EndGlobalSection
	GlobalSection(ExtensibilityGlobals) = postSolution
		SolutionGuid = {17515D34-C833-4827-9524-38F95B08CCDF}
	EndGlobalSection
EndGlobal
